// !$*UTF8*$!
{
	archiveVersion = 1;
	classes = {
	};
	objectVersion = 46;
	objects = {

/* Begin PBXBuildFile section */
		791398281E0E47E400680D4D /* SecondViewController.m in Sources */ = {isa = PBXBuildFile; fileRef = 791398271E0E47E400680D4D /* SecondViewController.m */; };
		796FEDA91E0BC7560063D77E /* main.m in Sources */ = {isa = PBXBuildFile; fileRef = 796FEDA81E0BC7560063D77E /* main.m */; };
		796FEDAC1E0BC7560063D77E /* AppDelegate.m in Sources */ = {isa = PBXBuildFile; fileRef = 796FEDAB1E0BC7560063D77E /* AppDelegate.m */; };
		796FEDAF1E0BC7560063D77E /* ViewController.m in Sources */ = {isa = PBXBuildFile; fileRef = 796FEDAE1E0BC7560063D77E /* ViewController.m */; };
		796FEDB21E0BC7560063D77E /* Main.storyboard in Resources */ = {isa = PBXBuildFile; fileRef = 796FEDB01E0BC7560063D77E /* Main.storyboard */; };
		796FEDB41E0BC7560063D77E /* Assets.xcassets in Resources */ = {isa = PBXBuildFile; fileRef = 796FEDB31E0BC7560063D77E /* Assets.xcassets */; };
		796FEDB71E0BC7560063D77E /* LaunchScreen.storyboard in Resources */ = {isa = PBXBuildFile; fileRef = 796FEDB51E0BC7560063D77E /* LaunchScreen.storyboard */; };
		796FEDC01E0BC7B20063D77E /* UIView+ExtendTouchRect.m in Sources */ = {isa = PBXBuildFile; fileRef = 796FEDBF1E0BC7B20063D77E /* UIView+ExtendTouchRect.m */; };
/* End PBXBuildFile section */

/* Begin PBXFileReference section */
		791398261E0E47E400680D4D /* SecondViewController.h */ = {isa = PBXFileReference; fileEncoding = 4; lastKnownFileType = sourcecode.c.h; path = SecondViewController.h; sourceTree = "<group>"; };
		791398271E0E47E400680D4D /* SecondViewController.m */ = {isa = PBXFileReference; fileEncoding = 4; lastKnownFileType = sourcecode.c.objc; path = SecondViewController.m; sourceTree = "<group>"; };
		796FEDA41E0BC7560063D77E /* ExtendTouchRectDemo.app */ = {isa = PBXFileReference; explicitFileType = wrapper.application; includeInIndex = 0; path = ExtendTouchRectDemo.app; sourceTree = BUILT_PRODUCTS_DIR; };
		796FEDA81E0BC7560063D77E /* main.m */ = {isa = PBXFileReference; lastKnownFileType = sourcecode.c.objc; path = main.m; sourceTree = "<group>"; };
		796FEDAA1E0BC7560063D77E /* AppDelegate.h */ = {isa = PBXFileReference; lastKnownFileType = sourcecode.c.h; path = AppDelegate.h; sourceTree = "<group>"; };
		796FEDAB1E0BC7560063D77E /* AppDelegate.m */ = {isa = PBXFileReference; lastKnownFileType = sourcecode.c.objc; path = AppDelegate.m; sourceTree = "<group>"; };
		796FEDAD1E0BC7560063D77E /* ViewController.h */ = {isa = PBXFileReference; lastKnownFileType = sourcecode.c.h; path = ViewController.h; sourceTree = "<group>"; };
		796FEDAE1E0BC7560063D77E /* ViewController.m */ = {isa = PBXFileReference; lastKnownFileType = sourcecode.c.objc; path = ViewController.m; sourceTree = "<group>"; };
		796FEDB11E0BC7560063D77E /* Base */ = {isa = PBXFileReference; lastKnownFileType = file.storyboard; name = Base; path = Base.lproj/Main.storyboard; sourceTree = "<group>"; };
		796FEDB31E0BC7560063D77E /* Assets.xcassets */ = {isa = PBXFileReference; lastKnownFileType = folder.assetcatalog; path = Assets.xcassets; sourceTree = "<group>"; };
		796FEDB61E0BC7560063D77E /* Base */ = {isa = PBXFileReference; lastKnownFileType = file.storyboard; name = Base; path = Base.lproj/LaunchScreen.storyboard; sourceTree = "<group>"; };
		796FEDB81E0BC7560063D77E /* Info.plist */ = {isa = PBXFileReference; lastKnownFileType = text.plist.xml; path = Info.plist; sourceTree = "<group>"; };
		796FEDBE1E0BC7B20063D77E /* UIView+ExtendTouchRect.h */ = {isa = PBXFileReference; fileEncoding = 4; lastKnownFileType = sourcecode.c.h; path = "UIView+ExtendTouchRect.h"; sourceTree = "<group>"; };
		796FEDBF1E0BC7B20063D77E /* UIView+ExtendTouchRect.m */ = {isa = PBXFileReference; fileEncoding = 4; lastKnownFileType = sourcecode.c.objc; path = "UIView+ExtendTouchRect.m"; sourceTree = "<group>"; };
/* End PBXFileReference section */

/* Begin PBXFrameworksBuildPhase section */
		796FEDA11E0BC7560063D77E /* Frameworks */ = {
			isa = PBXFrameworksBuildPhase;
			buildActionMask = 2147483647;
			files = (
			);
			runOnlyForDeploymentPostprocessing = 0;
		};
/* End PBXFrameworksBuildPhase section */

/* Begin PBXGroup section */
		796FED9B1E0BC7560063D77E = {
			isa = PBXGroup;
			children = (
				796FEDA61E0BC7560063D77E /* ExtendTouchRectDemo */,
				796FEDA51E0BC7560063D77E /* Products */,
			);
			sourceTree = "<group>";
		};
		796FEDA51E0BC7560063D77E /* Products */ = {
			isa = PBXGroup;
			children = (
				796FEDA41E0BC7560063D77E /* ExtendTouchRectDemo.app */,
			);
			name = Products;
			sourceTree = "<group>";
		};
		796FEDA61E0BC7560063D77E /* ExtendTouchRectDemo */ = {
			isa = PBXGroup;
			children = (
				796FEDAA1E0BC7560063D77E /* AppDelegate.h */,
				796FEDAB1E0BC7560063D77E /* AppDelegate.m */,
				796FEDAD1E0BC7560063D77E /* ViewController.h */,
				796FEDAE1E0BC7560063D77E /* ViewController.m */,
				791398261E0E47E400680D4D /* SecondViewController.h */,
				791398271E0E47E400680D4D /* SecondViewController.m */,
				796FEDBE1E0BC7B20063D77E /* UIView+ExtendTouchRect.h */,
				796FEDBF1E0BC7B20063D77E /* UIView+ExtendTouchRect.m */,
				796FEDB01E0BC7560063D77E /* Main.storyboard */,
				796FEDB31E0BC7560063D77E /* Assets.xcassets */,
				796FEDB51E0BC7560063D77E /* LaunchScreen.storyboard */,
				796FEDB81E0BC7560063D77E /* Info.plist */,
				796FEDA71E0BC7560063D77E /* Supporting Files */,
			);
			path = ExtendTouchRectDemo;
			sourceTree = "<group>";
		};
		796FEDA71E0BC7560063D77E /* Supporting Files */ = {
			isa = PBXGroup;
			children = (
				796FEDA81E0BC7560063D77E /* main.m */,
			);
			name = "Supporting Files";
			sourceTree = "<group>";
		};
/* End PBXGroup section */

/* Begin PBXNativeTarget section */
		796FEDA31E0BC7560063D77E /* ExtendTouchRectDemo */ = {
			isa = PBXNativeTarget;
			buildConfigurationList = 796FEDBB1E0BC7560063D77E /* Build configuration list for PBXNativeTarget "ExtendTouchRectDemo" */;
			buildPhases = (
				796FEDA01E0BC7560063D77E /* Sources */,
				796FEDA11E0BC7560063D77E /* Frameworks */,
				796FEDA21E0BC7560063D77E /* Resources */,
			);
			buildRules = (
			);
			dependencies = (
			);
			name = ExtendTouchRectDemo;
			productName = ExtendTouchRectDemo;
			productReference = 796FEDA41E0BC7560063D77E /* ExtendTouchRectDemo.app */;
			productType = "com.apple.product-type.application";
		};
/* End PBXNativeTarget section */

/* Begin PBXProject section */
		796FED9C1E0BC7560063D77E /* Project object */ = {
			isa = PBXProject;
			attributes = {
				LastUpgradeCheck = 0820;
				ORGANIZATIONNAME = wei;
				TargetAttributes = {
					796FEDA31E0BC7560063D77E = {
						CreatedOnToolsVersion = 8.2;
						DevelopmentTeam = P53PY686F4;
						ProvisioningStyle = Automatic;
					};
				};
			};
			buildConfigurationList = 796FED9F1E0BC7560063D77E /* Build configuration list for PBXProject "ExtendTouchRectDemo" */;
			compatibilityVersion = "Xcode 3.2";
			developmentRegion = English;
			hasScannedForEncodings = 0;
			knownRegions = (
				en,
				Base,
			);
			mainGroup = 796FED9B1E0BC7560063D77E;
			productRefGroup = 796FEDA51E0BC7560063D77E /* Products */;
			projectDirPath = "";
			projectRoot = "";
			targets = (
				796FEDA31E0BC7560063D77E /* ExtendTouchRectDemo */,
			);
		};
/* End PBXProject section */

/* Begin PBXResourcesBuildPhase section */
		796FEDA21E0BC7560063D77E /* Resources */ = {
			isa = PBXResourcesBuildPhase;
			buildActionMask = 2147483647;
			files = (
				796FEDB71E0BC7560063D77E /* LaunchScreen.storyboard in Resources */,
				796FEDB41E0BC7560063D77E /* Assets.xcassets in Resources */,
				796FEDB21E0BC7560063D77E /* Main.storyboard in Resources */,
			);
			runOnlyForDeploymentPostprocessing = 0;
		};
/* End PBXResourcesBuildPhase section */

/* Begin PBXSourcesBuildPhase section */
		796FEDA01E0BC7560063D77E /* Sources */ = {
			isa = PBXSourcesBuildPhase;
			buildActionMask = 2147483647;
			files = (
				791398281E0E47E400680D4D /* SecondViewController.m in Sources */,
				796FEDC01E0BC7B20063D77E /* UIView+ExtendTouchRect.m in Sources */,
				796FEDAF1E0BC7560063D77E /* ViewController.m in Sources */,
				796FEDAC1E0BC7560063D77E /* AppDelegate.m in Sources */,
				796FEDA91E0BC7560063D77E /* main.m in Sources */,
			);
			runOnlyForDeploymentPostprocessing = 0;
		};
/* End PBXSourcesBuildPhase section */

/* Begin PBXVariantGroup section */
		796FEDB01E0BC7560063D77E /* Main.storyboard */ = {
			isa = PBXVariantGroup;
			children = (
				796FEDB11E0BC7560063D77E /* Base */,
			);
			name = Main.storyboard;
			sourceTree = "<group>";
		};
		796FEDB51E0BC7560063D77E /* LaunchScreen.storyboard */ = {
			isa = PBXVariantGroup;
			children = (
				796FEDB61E0BC7560063D77E /* Base */,
			);
			name = LaunchScreen.storyboard;
			sourceTree = "<group>";
		};
/* End PBXVariantGroup section */

/* Begin XCBuildConfiguration section */
		796FEDB91E0BC7560063D77E /* Debug */ = {
			isa = XCBuildConfiguration;
			buildSettings = {
				ALWAYS_SEARCH_USER_PATHS = NO;
				CLANG_ANALYZER_NONNULL = YES;
				CLANG_CXX_LANGUAGE_STANDARD = "gnu++0x";
				CLANG_CXX_LIBRARY = "libc++";
				CLANG_ENABLE_MODULES = YES;
				CLANG_ENABLE_OBJC_ARC = YES;
				CLANG_WARN_BOOL_CONVERSION = YES;
				CLANG_WARN_CONSTANT_CONVERSION = YES;
				CLANG_WARN_DIRECT_OBJC_ISA_USAGE = YES_ERROR;
				CLANG_WARN_DOCUMENTATION_COMMENTS = YES;
				CLANG_WARN_EMPTY_BODY = YES;
				CLANG_WARN_ENUM_CONVERSION = YES;
				CLANG_WARN_INFINITE_RECURSION = YES;
				CLANG_WARN_INT_CONVERSION = YES;
				CLANG_WARN_OBJC_ROOT_CLASS = YES_ERROR;
				CLANG_WARN_SUSPICIOUS_MOVE = YES;
				CLANG_WARN_UNREACHABLE_CODE = YES;
				CLANG_WARN__DUPLICATE_METHOD_MATCH = YES;
				"CODE_SIGN_IDENTITY[sdk=iphoneos*]" = "iPhone Developer";
				COPY_PHASE_STRIP = NO;
				DEBUG_INFORMATION_FORMAT = dwarf;
				ENABLE_STRICT_OBJC_MSGSEND = YES;
				ENABLE_TESTABILITY = YES;
				GCC_C_LANGUAGE_STANDARD = gnu99;
				GCC_DYNAMIC_NO_PIC = NO;
				GCC_NO_COMMON_BLOCKS = YES;
				GCC_OPTIMIZATION_LEVEL = 0;
				GCC_PREPROCESSOR_DEFINITIONS = (
					"DEBUG=1",
					"$(inherited)",
				);
				GCC_WARN_64_TO_32_BIT_CONVERSION = YES;
				GCC_WARN_ABOUT_RETURN_TYPE = YES_ERROR;
				GCC_WARN_UNDECLARED_SELECTOR = YES;
				GCC_WARN_UNINITIALIZED_AUTOS = YES_AGGRESSIVE;
				GCC_WARN_UNUSED_FUNCTION = YES;
				GCC_WARN_UNUSED_VARIABLE = YES;
				IPHONEOS_DEPLOYMENT_TARGET = 10.2;
				MTL_ENABLE_DEBUG_INFO = YES;
				ONLY_ACTIVE_ARCH = YES;
				SDKROOT = iphoneos;
				TARGETED_DEVICE_FAMILY = "1,2";
			};
			name = Debug;
		};
		796FEDBA1E0BC7560063D77E /* Release */ = {
			isa = XCBuildConfiguration;
			buildSettings = {
				ALWAYS_SEARCH_USER_PATHS = NO;
				CLANG_ANALYZER_NONNULL = YES;
				CLANG_CXX_LANGUAGE_STANDARD = "gnu++0x";
				CLANG_CXX_LIBRARY = "libc++";
				CLANG_ENABLE_MODULES = YES;
				CLANG_ENABLE_OBJC_ARC = YES;
				CLANG_WARN_BOOL_CONVERSION = YES;
				CLANG_WARN_CONSTANT_CONVERSION = YES;
				CLANG_WARN_DIRECT_OBJC_ISA_USAGE = YES_ERROR;
				CLANG_WARN_DOCUMENTATION_COMMENTS = YES;
				CLANG_WARN_EMPTY_BODY = YES;
				CLANG_WARN_ENUM_CONVERSION = YES;
				CLANG_WARN_INFINITE_RECURSION = YES;
				CLANG_WARN_INT_CONVERSION = YES;
				CLANG_WARN_OBJC_ROOT_CLASS = YES_ERROR;
				CLANG_WARN_SUSPICIOUS_MOVE = YES;
				CLANG_WARN_UNREACHABLE_CODE = YES;
				CLANG_WARN__DUPLICATE_METHOD_MATCH = YES;
				"CODE_SIGN_IDENTITY[sdk=iphoneos*]" = "iPhone Developer";
				COPY_PHASE_STRIP = NO;
				DEBUG_INFORMATION_FORMAT = "dwarf-with-dsym";
				ENABLE_NS_ASSERTIONS = NO;
				ENABLE_STRICT_OBJC_MSGSEND = YES;
				GCC_C_LANGUAGE_STANDARD = gnu99;
				GCC_NO_COMMON_BLOCKS = YES;
				GCC_WARN_64_TO_32_BIT_CONVERSION = YES;
				GCC_WARN_ABOUT_RETURN_TYPE = YES_ERROR;
				GCC_WARN_UNDECLARED_SELECTOR = YES;
				GCC_WARN_UNINITIALIZED_AUTOS = YES_AGGRESSIVE;
				GCC_WARN_UNUSED_FUNCTION = YES;
				GCC_WARN_UNUSED_VARIABLE = YES;
				IPHONEOS_DEPLOYMENT_TARGET = 10.2;
				MTL_ENABLE_DEBUG_INFO = NO;
				SDKROOT = iphoneos;
				TARGETED_DEVICE_FAMILY = "1,2";
				VALIDATE_PRODUCT = YES;
			};
			name = Release;
		};
		796FEDBC1E0BC7560063D77E /* Debug */ = {
			isa = XCBuildConfiguration;
			buildSettings = {
				ASSETCATALOG_COMPILER_APPICON_NAME = AppIcon;
				DEVELOPMENT_TEAM = P53PY686F4;
				INFOPLIST_FILE = ExtendTouchRectDemo/Info.plist;
				LD_RUNPATH_SEARCH_PATHS = "$(inherited) @executable_path/Frameworks";
				PRODUCT_BUNDLE_IDENTIFIER = "cn.ai-robotics.www.ExtendTouchRectDemo";
				PRODUCT_NAME = "$(TARGET_NAME)";
			};
			name = Debug;
		};
		796FEDBD1E0BC7560063D77E /* Release */ = {
			isa = XCBuildConfiguration;
			buildSettings = {
				ASSETCATALOG_COMPILER_APPICON_NAME = AppIcon;
				DEVELOPMENT_TEAM = P53PY686F4;
				INFOPLIST_FILE = ExtendTouchRectDemo/Info.plist;
				LD_RUNPATH_SEARCH_PATHS = "$(inherited) @executable_path/Frameworks";
				PRODUCT_BUNDLE_IDENTIFIER = "cn.ai-robotics.www.ExtendTouchRectDemo";
				PRODUCT_NAME = "$(TARGET_NAME)";
			};
			name = Release;
		};
/* End XCBuildConfiguration section */

/* Begin XCConfigurationList section */
		796FED9F1E0BC7560063D77E /* Build configuration list for PBXProject "ExtendTouchRectDemo" */ = {
			isa = XCConfigurationList;
			buildConfigurations = (
				796FEDB91E0BC7560063D77E /* Debug */,
				796FEDBA1E0BC7560063D77E /* Release */,
			);
			defaultConfigurationIsVisible = 0;
			defaultConfigurationName = Release;
		};
		796FEDBB1E0BC7560063D77E /* Build configuration list for PBXNativeTarget "ExtendTouchRectDemo" */ = {
			isa = XCConfigurationList;
			buildConfigurations = (
				796FEDBC1E0BC7560063D77E /* Debug */,
				796FEDBD1E0BC7560063D77E /* Release */,
			);
			defaultConfigurationIsVisible = 0;
			defaultConfigurationName = Release;
		};
/* End XCConfigurationList section */
	};
	rootObject = 796FED9C1E0BC7560063D77E /* Project object */;
}
